
Microsoft Visual Studio Solution File, Format Version 12.00
# Visual Studio Version 17
VisualStudioVersion = 17.4.32916.344
MinimumVisualStudioVersion = 10.0.40219.1
Project("{FAE04EC0-301F-11D3-BF4B-00C04F79EFBC}") = "AuthLearnEmptyProject", "AuthLearnEmptyProject.csproj", "{517932ED-1BC9-4EA2-A45C-CA69A231D242}"
EndProject
Global
	GlobalSection(SolutionConfigurationPlatforms) = preSolution
		Debug|Any CPU = Debug|Any CPU
		Release|Any CPU = Release|Any CPU
	EndGlobalSection
	GlobalSection(ProjectConfigurationPlatforms) = postSolution
		{517932ED-1BC9-4EA2-A45C-CA69A231D242}.Debug|Any CPU.ActiveCfg = Debug|Any CPU
		{517932ED-1BC9-4EA2-A45C-CA69A231D242}.Debug|Any CPU.Build.0 = Debug|Any CPU
		{517932ED-1BC9-4EA2-A45C-CA69A231D242}.Release|Any CPU.ActiveCfg = Release|Any CPU
		{517932ED-1BC9-4EA2-A45C-CA69A231D242}.Release|Any CPU.Build.0 = Release|Any CPU
	EndGlobalSection
	GlobalSection(SolutionProperties) = preSolution
		HideSolutionNode = FALSE
	EndGlobalSection
	GlobalSection(ExtensibilityGlobals) = postSolution
		SolutionGuid = {7E883358-53F0-43C0-BB70-EB3909183B5B}
	EndGlobalSection
EndGlobal
